
Microsoft Visual Studio Solution File, Format Version 12.00
# Visual Studio Version 17
VisualStudioVersion = 17.0.31903.59
MinimumVisualStudioVersion = 10.0.40219.1
Project("{FAE04EC0-301F-11D3-BF4B-00C04F79EFBC}") = "Becs.Tests", "Becs.Tests\Becs.Tests.csproj", "{18C10874-D48E-4013-8982-F15195429A95}"
EndProject
Project("{FAE04EC0-301F-11D3-BF4B-00C04F79EFBC}") = "Becs", "Becs.csproj", "{608DFFB4-BE1C-4479-B242-697EB7E66D8D}"
EndProject
Global
	GlobalSection(SolutionConfigurationPlatforms) = preSolution
		Debug|Any CPU = Debug|Any CPU
		Release|Any CPU = Release|Any CPU
	EndGlobalSection
	GlobalSection(SolutionProperties) = preSolution
		HideSolutionNode = FALSE
	EndGlobalSection
	GlobalSection(ProjectConfigurationPlatforms) = postSolution
		{18C10874-D48E-4013-8982-F15195429A95}.Debug|Any CPU.ActiveCfg = Debug|Any CPU
		{18C10874-D48E-4013-8982-F15195429A95}.Debug|Any CPU.Build.0 = Debug|Any CPU
		{18C10874-D48E-4013-8982-F15195429A95}.Release|Any CPU.ActiveCfg = Release|Any CPU
		{18C10874-D48E-4013-8982-F15195429A95}.Release|Any CPU.Build.0 = Release|Any CPU
		{608DFFB4-BE1C-4479-B242-697EB7E66D8D}.Debug|Any CPU.ActiveCfg = Debug|Any CPU
		{608DFFB4-BE1C-4479-B242-697EB7E66D8D}.Debug|Any CPU.Build.0 = Debug|Any CPU
		{608DFFB4-BE1C-4479-B242-697EB7E66D8D}.Release|Any CPU.ActiveCfg = Release|Any CPU
		{608DFFB4-BE1C-4479-B242-697EB7E66D8D}.Release|Any CPU.Build.0 = Release|Any CPU
	EndGlobalSection
EndGlobal
